
Microsoft Visual Studio Solution File, Format Version 12.00
# Visual Studio Version 17
VisualStudioVersion = 17.5.002.0
MinimumVisualStudioVersion = 10.0.40219.1
Project("{2150E333-8FDC-42A3-9474-1A3956D46DE8}") = "Seminar_1", "Seminar_1", "{2B1AD0A3-0E6D-45EB-BF4C-B2E66938F4BF}"
EndProject
Project("{9A19103F-16F7-4668-BE54-9A1E7A4F7556}") = "Task_1", "Seminar_1\Task_1\Task_1.csproj", "{AB7E5A1F-816D-457B-B538-AE1F4B4E4060}"
EndProject
Project("{9A19103F-16F7-4668-BE54-9A1E7A4F7556}") = "Task_3", "Seminar_1\Task_3\Task_3.csproj", "{7C99BAF1-FD4D-48F7-8C97-406286A3875E}"
EndProject
Project("{9A19103F-16F7-4668-BE54-9A1E7A4F7556}") = "Task_2", "Seminar_1\Task_2\Task_2.csproj", "{A3CD3E2C-4999-40B7-8D52-64D7C1A16B20}"
EndProject
Project("{2150E333-8FDC-42A3-9474-1A3956D46DE8}") = "Lesson_1", "Lesson_1", "{35C7D3C1-80AD-48D9-A114-88DD4DAC1CFF}"
EndProject
Project("{9A19103F-16F7-4668-BE54-9A1E7A4F7556}") = "Task1", "Lesson_1\Task1\Task1.csproj", "{19058FF2-C57F-4207-808B-D1F300E2CD8D}"
EndProject
Project("{9A19103F-16F7-4668-BE54-9A1E7A4F7556}") = "Task3", "Lesson_1\Task3\Task3.csproj", "{70E23CB8-3C90-4B1D-8F0B-6C96F3E25B58}"
EndProject
Project("{9A19103F-16F7-4668-BE54-9A1E7A4F7556}") = "Task4", "Lesson_1\Task4\Task4.csproj", "{70857535-E8AD-4143-993A-40E363373E97}"
EndProject
Project("{9A19103F-16F7-4668-BE54-9A1E7A4F7556}") = "Task5", "Lesson_1\Task5\Task5.csproj", "{FE1184AF-E8D2-4A41-A2E2-112B286D3B8E}"
EndProject
Project("{9A19103F-16F7-4668-BE54-9A1E7A4F7556}") = "Task2", "Lesson_1\Task2\Task2.csproj", "{D2C894D5-0EDC-448C-B21A-75AC128B0C93}"
EndProject
Global
	GlobalSection(SolutionConfigurationPlatforms) = preSolution
		Debug|Any CPU = Debug|Any CPU
		Release|Any CPU = Release|Any CPU
	EndGlobalSection
	GlobalSection(ProjectConfigurationPlatforms) = postSolution
		{AB7E5A1F-816D-457B-B538-AE1F4B4E4060}.Debug|Any CPU.ActiveCfg = Debug|Any CPU
		{AB7E5A1F-816D-457B-B538-AE1F4B4E4060}.Debug|Any CPU.Build.0 = Debug|Any CPU
		{AB7E5A1F-816D-457B-B538-AE1F4B4E4060}.Release|Any CPU.ActiveCfg = Release|Any CPU
		{AB7E5A1F-816D-457B-B538-AE1F4B4E4060}.Release|Any CPU.Build.0 = Release|Any CPU
		{7C99BAF1-FD4D-48F7-8C97-406286A3875E}.Debug|Any CPU.ActiveCfg = Debug|Any CPU
		{7C99BAF1-FD4D-48F7-8C97-406286A3875E}.Debug|Any CPU.Build.0 = Debug|Any CPU
		{7C99BAF1-FD4D-48F7-8C97-406286A3875E}.Release|Any CPU.ActiveCfg = Release|Any CPU
		{7C99BAF1-FD4D-48F7-8C97-406286A3875E}.Release|Any CPU.Build.0 = Release|Any CPU
		{A3CD3E2C-4999-40B7-8D52-64D7C1A16B20}.Debug|Any CPU.ActiveCfg = Debug|Any CPU
		{A3CD3E2C-4999-40B7-8D52-64D7C1A16B20}.Debug|Any CPU.Build.0 = Debug|Any CPU
		{A3CD3E2C-4999-40B7-8D52-64D7C1A16B20}.Release|Any CPU.ActiveCfg = Release|Any CPU
		{A3CD3E2C-4999-40B7-8D52-64D7C1A16B20}.Release|Any CPU.Build.0 = Release|Any CPU
		{19058FF2-C57F-4207-808B-D1F300E2CD8D}.Debug|Any CPU.ActiveCfg = Debug|Any CPU
		{19058FF2-C57F-4207-808B-D1F300E2CD8D}.Debug|Any CPU.Build.0 = Debug|Any CPU
		{19058FF2-C57F-4207-808B-D1F300E2CD8D}.Release|Any CPU.ActiveCfg = Release|Any CPU
		{19058FF2-C57F-4207-808B-D1F300E2CD8D}.Release|Any CPU.Build.0 = Release|Any CPU
		{70E23CB8-3C90-4B1D-8F0B-6C96F3E25B58}.Debug|Any CPU.ActiveCfg = Debug|Any CPU
		{70E23CB8-3C90-4B1D-8F0B-6C96F3E25B58}.Debug|Any CPU.Build.0 = Debug|Any CPU
		{70E23CB8-3C90-4B1D-8F0B-6C96F3E25B58}.Release|Any CPU.ActiveCfg = Release|Any CPU
		{70E23CB8-3C90-4B1D-8F0B-6C96F3E25B58}.Release|Any CPU.Build.0 = Release|Any CPU
		{70857535-E8AD-4143-993A-40E363373E97}.Debug|Any CPU.ActiveCfg = Debug|Any CPU
		{70857535-E8AD-4143-993A-40E363373E97}.Debug|Any CPU.Build.0 = Debug|Any CPU
		{70857535-E8AD-4143-993A-40E363373E97}.Release|Any CPU.ActiveCfg = Release|Any CPU
		{70857535-E8AD-4143-993A-40E363373E97}.Release|Any CPU.Build.0 = Release|Any CPU
		{FE1184AF-E8D2-4A41-A2E2-112B286D3B8E}.Debug|Any CPU.ActiveCfg = Debug|Any CPU
		{FE1184AF-E8D2-4A41-A2E2-112B286D3B8E}.Debug|Any CPU.Build.0 = Debug|Any CPU
		{FE1184AF-E8D2-4A41-A2E2-112B286D3B8E}.Release|Any CPU.ActiveCfg = Release|Any CPU
		{FE1184AF-E8D2-4A41-A2E2-112B286D3B8E}.Release|Any CPU.Build.0 = Release|Any CPU
		{D2C894D5-0EDC-448C-B21A-75AC128B0C93}.Debug|Any CPU.ActiveCfg = Debug|Any CPU
		{D2C894D5-0EDC-448C-B21A-75AC128B0C93}.Debug|Any CPU.Build.0 = Debug|Any CPU
		{D2C894D5-0EDC-448C-B21A-75AC128B0C93}.Release|Any CPU.ActiveCfg = Release|Any CPU
		{D2C894D5-0EDC-448C-B21A-75AC128B0C93}.Release|Any CPU.Build.0 = Release|Any CPU
	EndGlobalSection
	GlobalSection(SolutionProperties) = preSolution
		HideSolutionNode = FALSE
	EndGlobalSection
	GlobalSection(NestedProjects) = preSolution
		{AB7E5A1F-816D-457B-B538-AE1F4B4E4060} = {2B1AD0A3-0E6D-45EB-BF4C-B2E66938F4BF}
		{7C99BAF1-FD4D-48F7-8C97-406286A3875E} = {2B1AD0A3-0E6D-45EB-BF4C-B2E66938F4BF}
		{A3CD3E2C-4999-40B7-8D52-64D7C1A16B20} = {2B1AD0A3-0E6D-45EB-BF4C-B2E66938F4BF}
		{19058FF2-C57F-4207-808B-D1F300E2CD8D} = {35C7D3C1-80AD-48D9-A114-88DD4DAC1CFF}
		{70E23CB8-3C90-4B1D-8F0B-6C96F3E25B58} = {35C7D3C1-80AD-48D9-A114-88DD4DAC1CFF}
		{70857535-E8AD-4143-993A-40E363373E97} = {35C7D3C1-80AD-48D9-A114-88DD4DAC1CFF}
		{FE1184AF-E8D2-4A41-A2E2-112B286D3B8E} = {35C7D3C1-80AD-48D9-A114-88DD4DAC1CFF}
		{D2C894D5-0EDC-448C-B21A-75AC128B0C93} = {35C7D3C1-80AD-48D9-A114-88DD4DAC1CFF}
	EndGlobalSection
	GlobalSection(ExtensibilityGlobals) = postSolution
		SolutionGuid = {19C16298-F4EA-4760-B4A2-F1A2820031C2}
	EndGlobalSection
EndGlobal
